# THIS IS AN AUTOGENERATED FILE. DO NOT EDIT THIS FILE DIRECTLY.
# yarn lockfile v1


"@babel/runtime@^7.8.4":
  "integrity" "sha512-99catp6bHCaxr4sJ/DbTGgHS4+Rs2RVd2g7iOap6SLGPDknRK9ztKNsE/Fg6QhSeh1FGE5f6gHGQmvvn3I3xhw=="
  "resolved" "https://registry.npmjs.org/@babel/runtime/-/runtime-7.15.4.tgz"
  "version" "7.15.4"
  dependencies:
    "regenerator-runtime" "^0.13.4"

"@walnut/common@^1.0.17":
  "integrity" "sha512-jyHlwNhg3AupKqpxojeCsKZ2kE3LRixHEJm49TTRIDAE42hx1XKNFxO5oMPWwkIGEMko09swlxcZNOsBfXmSJA=="
  "resolved" "https://us-npm.pkg.dev/crack-linker-326904/our-registry/@walnut/common/-/@walnut/common-1.0.17.tgz"
  "version" "1.0.17"
  dependencies:
    "abbrev" "^1.1.1"
    "axios" "^0.22.0"
    "faker" "^5.5.3"
    "lodash" "^4.17.21"
    "twig" "^1.15.4"

"@walnut/server@file:/home/ebgp/Documents/lerna-test/packages/server":
  "resolved" "file:packages/server"
  "version" "1.0.14"
  dependencies:
    "axios" "^0.22.0"
    "ua-parser" "^0.3.5"

"abbrev@^1.1.1":
  "integrity" "sha512-nne9/IiQ/hzIhY6pdDnbBtz7DjPTKrY00P/zvPSm5pOFkl6xuGrGnXn/VtTNNfNtAfZ9/1RtehkszU9qcTii0Q=="
  "resolved" "http://localhost:4873/abbrev/-/abbrev-1.1.1.tgz"
  "version" "1.1.1"

"axios@^0.22.0":
  "integrity" "sha512-Z0U3uhqQeg1oNcihswf4ZD57O3NrR1+ZXhxaROaWpDmsDTx7T2HNBV2ulBtie2hwJptu8UvgnJoK+BIqdzh/1w=="
  "resolved" "https://registry.npmjs.org/axios/-/axios-0.22.0.tgz"
  "version" "0.22.0"
  dependencies:
    "follow-redirects" "^1.14.4"

"balanced-match@^1.0.0":
  "integrity" "sha1-ibTRmasr7kneFk6gK4nORi1xt2c="
  "resolved" "https://registry.npmjs.org/balanced-match/-/balanced-match-1.0.0.tgz"
  "version" "1.0.0"

"brace-expansion@^1.1.7":
  "integrity" "sha512-iCuPHDFgrHX7H2vEI/5xpz07zSHB00TpugqhmYtVmMO6518mCuRMoOYFldEBl0g187ufozdaHgWKcYFb61qGiA=="
  "resolved" "https://registry.npmjs.org/brace-expansion/-/brace-expansion-1.1.11.tgz"
  "version" "1.1.11"
  dependencies:
    "balanced-match" "^1.0.0"
    "concat-map" "0.0.1"

"concat-map@0.0.1":
  "integrity" "sha1-2Klr13/Wjfd5OnMDajug1UBdR3s="
  "resolved" "https://registry.npmjs.org/concat-map/-/concat-map-0.0.1.tgz"
  "version" "0.0.1"

"faker@^5.5.3":
  "integrity" "sha512-wLTv2a28wjUyWkbnX7u/ABZBkUkIF2fCd73V6P2oFqEGEktDfzWx4UxrSqtPRw0xPRAcjeAOIiJWqZm3pP4u3g=="
  "resolved" "http://localhost:4873/faker/-/faker-5.5.3.tgz"
  "version" "5.5.3"

"follow-redirects@^1.14.4":
  "integrity" "sha512-zwGkiSXC1MUJG/qmeIFH2HBJx9u0V46QGUe3YR1fXG8bXQxq7fLj0RjLZQ5nubr9qNJUZrH+xUcwXEoXNpfS+g=="
  "resolved" "https://registry.npmjs.org/follow-redirects/-/follow-redirects-1.14.4.tgz"
  "version" "1.14.4"

"foreachasync@^3.0.0":
  "integrity" "sha1-VQKYfchxS+M5IJfzLgBxyd7gfPY="
  "resolved" "https://registry.npmjs.org/foreachasync/-/foreachasync-3.0.0.tgz"
  "version" "3.0.0"

"locutus@^2.0.11":
  "integrity" "sha512-2xWC4RkoAoCVXEb/stzEgG1TNgd+mrkLBj6TuEDNyUoKeQ2XzDTyJUC23sMiqbL6zJmJSP3w59OZo+zc4IBOmA=="
  "resolved" "https://registry.npmjs.org/locutus/-/locutus-2.0.15.tgz"
  "version" "2.0.15"

"lodash@^4.17.21":
  "integrity" "sha512-v2kDEe57lecTulaDIuNTPy3Ry4gLGJ6Z1O3vE1krgXZNrsQ+LFTGHVxVjcXPs17LhbZVGedAJv8XZ1tvj5FvSg=="
  "resolved" "http://localhost:4873/lodash/-/lodash-4.17.21.tgz"
  "version" "4.17.21"

"minimatch@3.0.x":
  "integrity" "sha512-yJHVQEhyqPLUTgt9B83PXu6W3rx4MvvHvSUvToogpwoGDOUQ+yDrR0HRot+yOCdCO7u4hX3pWft6kWBBcqh0UA=="
  "resolved" "https://registry.npmjs.org/minimatch/-/minimatch-3.0.4.tgz"
  "version" "3.0.4"
  dependencies:
    "brace-expansion" "^1.1.7"

"regenerator-runtime@^0.13.4":
  "integrity" "sha512-p3VT+cOEgxFsRRA9X4lkI1E+k2/CtnKtU4gcxyaCUreilL/vqI6CdZ3wxVUx3UOUg+gnUOQQcRI7BmSI656MYA=="
  "resolved" "https://registry.npmjs.org/regenerator-runtime/-/regenerator-runtime-0.13.9.tgz"
  "version" "0.13.9"

"twig@^1.15.4":
  "integrity" "sha512-gRpGrpdf+MswqF6eSjEdYZTa/jt3ZWHK/NU59IbTYJMBQXJ1W+7IxaGEwLkQjd+mNT15j9sQTzQumxUBkuQueQ=="
  "resolved" "https://registry.npmjs.org/twig/-/twig-1.15.4.tgz"
  "version" "1.15.4"
  dependencies:
    "@babel/runtime" "^7.8.4"
    "locutus" "^2.0.11"
    "minimatch" "3.0.x"
    "walk" "2.3.x"

"ua-parser@^0.3.5":
  "integrity" "sha1-L/T5yebi1k1xFGHxe+ssnGl/Lxo="
  "resolved" "https://registry.npmjs.org/ua-parser/-/ua-parser-0.3.5.tgz"
  "version" "0.3.5"
  dependencies:
    "yamlparser" ">=0.0.2"

"walk@2.3.x":
  "integrity" "sha512-4eRTBZljBfIISK1Vnt69Gvr2w/wc3U6Vtrw7qiN5iqYJPH7LElcYh/iU4XWhdCy2dZqv1ToMyYlybDylfG/5Vg=="
  "resolved" "https://registry.npmjs.org/walk/-/walk-2.3.15.tgz"
  "version" "2.3.15"
  dependencies:
    "foreachasync" "^3.0.0"

"yamlparser@>=0.0.2":
  "integrity" "sha1-Mjk+avxwyMoGa2ZQrGc4tIFnjrw="
  "resolved" "https://registry.npmjs.org/yamlparser/-/yamlparser-0.0.2.tgz"
  "version" "0.0.2"
